
Microsoft Visual Studio Solution File, Format Version 12.00
# Visual Studio Version 17
VisualStudioVersion = 17.8.34330.188
MinimumVisualStudioVersion = 10.0.40219.1
Project("{FAE04EC0-301F-11D3-BF4B-00C04F79EFBC}") = "Learn-ASPNet-MVC", "Learn-ASPNet-MVC\Learn-ASPNet-MVC.csproj", "{8C74513A-81DE-43DA-87D4-DF8D630F66B8}"
EndProject
Global
	GlobalSection(SolutionConfigurationPlatforms) = preSolution
		Debug|Any CPU = Debug|Any CPU
		Release|Any CPU = Release|Any CPU
	EndGlobalSection
	GlobalSection(ProjectConfigurationPlatforms) = postSolution
		{8C74513A-81DE-43DA-87D4-DF8D630F66B8}.Debug|Any CPU.ActiveCfg = Debug|Any CPU
		{8C74513A-81DE-43DA-87D4-DF8D630F66B8}.Debug|Any CPU.Build.0 = Debug|Any CPU
		{8C74513A-81DE-43DA-87D4-DF8D630F66B8}.Release|Any CPU.ActiveCfg = Release|Any CPU
		{8C74513A-81DE-43DA-87D4-DF8D630F66B8}.Release|Any CPU.Build.0 = Release|Any CPU
	EndGlobalSection
	GlobalSection(SolutionProperties) = preSolution
		HideSolutionNode = FALSE
	EndGlobalSection
	GlobalSection(ExtensibilityGlobals) = postSolution
		SolutionGuid = {FC145DBD-88BB-41EE-8AEE-22D034322B34}
	EndGlobalSection
EndGlobal
